
Microsoft Visual Studio Solution File, Format Version 12.00
Project("{FAE04EC0-301F-11D3-BF4B-00C04F79EFBC}") = "ProfesiNetApi", "ProfesiNetApi\ProfesiNetApi.csproj", "{CF59D516-D3CB-4C76-8E27-0E4A5CC47E18}"
EndProject
Project("{2150E333-8FDC-42A3-9474-1A3956D46DE8}") = "modules", "modules", "{EDC85907-BACE-47D8-B64D-43F12384ABC2}"
EndProject
Project("{2150E333-8FDC-42A3-9474-1A3956D46DE8}") = "Users", "Users", "{E3533A85-03CA-4D18-B14F-E867B6133096}"
EndProject
Project("{FAE04EC0-301F-11D3-BF4B-00C04F79EFBC}") = "ProfesiNet.Users.Api", "modules\Users\ProfesiNet.Users.Api\ProfesiNet.Users.Api.csproj", "{9F09D5A8-A8E6-40B9-AA7D-BCE39AC5B01E}"
EndProject
Project("{2150E333-8FDC-42A3-9474-1A3956D46DE8}") = "Posts", "Posts", "{FD81F621-DA59-4408-B81E-AC57B75FA3C6}"
EndProject
Project("{FAE04EC0-301F-11D3-BF4B-00C04F79EFBC}") = "ProfesiNet.Posts.Api", "modules\Posts\ProfesiNet.Posts.Api\ProfesiNet.Posts.Api.csproj", "{D5310D0C-CD6C-430A-9B08-0C5E178CD5E8}"
EndProject
Project("{2150E333-8FDC-42A3-9474-1A3956D46DE8}") = "LiveChats", "LiveChats", "{4C6C7F5C-7DDB-42C8-B50E-9D37BCA26FAA}"
EndProject
Project("{FAE04EC0-301F-11D3-BF4B-00C04F79EFBC}") = "ProfesiNet.Users.Application", "modules\Users\ProfesiNet.Users.Application\ProfesiNet.Users.Application.csproj", "{479178D5-A1ED-42AC-AE1A-6C6922CCBE7F}"
EndProject
Project("{FAE04EC0-301F-11D3-BF4B-00C04F79EFBC}") = "ProfesiNet.Users.Infrastructure", "modules\Users\ProfesiNet.Users.Infrastructure\ProfesiNet.Users.Infrastructure.csproj", "{0A078D9D-FE20-49FB-828B-94E81370E012}"
EndProject
Project("{FAE04EC0-301F-11D3-BF4B-00C04F79EFBC}") = "ProfesiNet.Users.Domain", "modules\Users\ProfesiNet.Users.Domain\ProfesiNet.Users.Domain.csproj", "{4C4926D1-CFFE-4F7D-9B4A-7EED90335BD0}"
EndProject
Project("{FAE04EC0-301F-11D3-BF4B-00C04F79EFBC}") = "ProfesiNet.Posts.Domain", "modules\Posts\ProfesiNet.Posts.Domain\ProfesiNet.Posts.Domain.csproj", "{2693C207-918A-4546-939A-A0C92D27BBA7}"
EndProject
Project("{FAE04EC0-301F-11D3-BF4B-00C04F79EFBC}") = "ProfesiNet.LiveChats.Api", "modules\LiveChats\ProfesiNet.LiveChats.Api\ProfesiNet.LiveChats.Api.csproj", "{3D2DA5F4-A457-45F0-AEB9-852F1C21EC51}"
EndProject
Project("{FAE04EC0-301F-11D3-BF4B-00C04F79EFBC}") = "ProfesiNet.LiveChats.Domain", "modules\LiveChats\ProfesiNet.LiveChats.Domain\ProfesiNet.LiveChats.Domain.csproj", "{2AC94CE5-B4AC-46CF-9F4D-F50CEA25D1B4}"
EndProject
Project("{FAE04EC0-301F-11D3-BF4B-00C04F79EFBC}") = "ProfesiNet.Posts.Application", "modules\Posts\ProfesiNet.Posts.Application\ProfesiNet.Posts.Application.csproj", "{BF3CCFDD-8B94-4FC4-B43E-1F31CD278EF2}"
EndProject
Project("{FAE04EC0-301F-11D3-BF4B-00C04F79EFBC}") = "ProfesiNet.Posts.Infrastructure", "modules\Posts\ProfesiNet.Posts.Infrastructure\ProfesiNet.Posts.Infrastructure.csproj", "{8D9CB78E-2F52-4338-9AF2-46E21C8BDC8F}"
EndProject
Project("{2150E333-8FDC-42A3-9474-1A3956D46DE8}") = "Shared", "Shared", "{330A60C7-8B56-4E2C-B34F-D7BF0B061098}"
EndProject
Project("{FAE04EC0-301F-11D3-BF4B-00C04F79EFBC}") = "ProfesiNet.Shared", "modules\Shared\ProfesiNet.Shared\ProfesiNet.Shared.csproj", "{05A43674-C191-424A-A019-77DBA1B80B76}"
EndProject
Project("{FAE04EC0-301F-11D3-BF4B-00C04F79EFBC}") = "ProfesiNet.LiveChats.Infrastructure", "modules\LiveChats\ProfesiNet.LiveChats.Infrastructure\ProfesiNet.LiveChats.Infrastructure.csproj", "{1131151B-544F-4499-A390-BFDDDDFACD71}"
EndProject
Project("{FAE04EC0-301F-11D3-BF4B-00C04F79EFBC}") = "ProfesiNet.LiveChats.Application", "modules\LiveChats\ProfesiNet.LiveChats.Application\ProfesiNet.LiveChats.Application.csproj", "{0F9679F9-D849-4040-952B-1F4858682C83}"
EndProject
Global
	GlobalSection(SolutionConfigurationPlatforms) = preSolution
		Debug|Any CPU = Debug|Any CPU
		Release|Any CPU = Release|Any CPU
	EndGlobalSection
	GlobalSection(ProjectConfigurationPlatforms) = postSolution
		{CF59D516-D3CB-4C76-8E27-0E4A5CC47E18}.Debug|Any CPU.ActiveCfg = Debug|Any CPU
		{CF59D516-D3CB-4C76-8E27-0E4A5CC47E18}.Debug|Any CPU.Build.0 = Debug|Any CPU
		{CF59D516-D3CB-4C76-8E27-0E4A5CC47E18}.Release|Any CPU.ActiveCfg = Release|Any CPU
		{CF59D516-D3CB-4C76-8E27-0E4A5CC47E18}.Release|Any CPU.Build.0 = Release|Any CPU
		{9F09D5A8-A8E6-40B9-AA7D-BCE39AC5B01E}.Debug|Any CPU.ActiveCfg = Debug|Any CPU
		{9F09D5A8-A8E6-40B9-AA7D-BCE39AC5B01E}.Debug|Any CPU.Build.0 = Debug|Any CPU
		{9F09D5A8-A8E6-40B9-AA7D-BCE39AC5B01E}.Release|Any CPU.ActiveCfg = Release|Any CPU
		{9F09D5A8-A8E6-40B9-AA7D-BCE39AC5B01E}.Release|Any CPU.Build.0 = Release|Any CPU
		{D5310D0C-CD6C-430A-9B08-0C5E178CD5E8}.Debug|Any CPU.ActiveCfg = Debug|Any CPU
		{D5310D0C-CD6C-430A-9B08-0C5E178CD5E8}.Debug|Any CPU.Build.0 = Debug|Any CPU
		{D5310D0C-CD6C-430A-9B08-0C5E178CD5E8}.Release|Any CPU.ActiveCfg = Release|Any CPU
		{D5310D0C-CD6C-430A-9B08-0C5E178CD5E8}.Release|Any CPU.Build.0 = Release|Any CPU
		{479178D5-A1ED-42AC-AE1A-6C6922CCBE7F}.Debug|Any CPU.ActiveCfg = Debug|Any CPU
		{479178D5-A1ED-42AC-AE1A-6C6922CCBE7F}.Debug|Any CPU.Build.0 = Debug|Any CPU
		{479178D5-A1ED-42AC-AE1A-6C6922CCBE7F}.Release|Any CPU.ActiveCfg = Release|Any CPU
		{479178D5-A1ED-42AC-AE1A-6C6922CCBE7F}.Release|Any CPU.Build.0 = Release|Any CPU
		{0A078D9D-FE20-49FB-828B-94E81370E012}.Debug|Any CPU.ActiveCfg = Debug|Any CPU
		{0A078D9D-FE20-49FB-828B-94E81370E012}.Debug|Any CPU.Build.0 = Debug|Any CPU
		{0A078D9D-FE20-49FB-828B-94E81370E012}.Release|Any CPU.ActiveCfg = Release|Any CPU
		{0A078D9D-FE20-49FB-828B-94E81370E012}.Release|Any CPU.Build.0 = Release|Any CPU
		{4C4926D1-CFFE-4F7D-9B4A-7EED90335BD0}.Debug|Any CPU.ActiveCfg = Debug|Any CPU
		{4C4926D1-CFFE-4F7D-9B4A-7EED90335BD0}.Debug|Any CPU.Build.0 = Debug|Any CPU
		{4C4926D1-CFFE-4F7D-9B4A-7EED90335BD0}.Release|Any CPU.ActiveCfg = Release|Any CPU
		{4C4926D1-CFFE-4F7D-9B4A-7EED90335BD0}.Release|Any CPU.Build.0 = Release|Any CPU
		{2693C207-918A-4546-939A-A0C92D27BBA7}.Debug|Any CPU.ActiveCfg = Debug|Any CPU
		{2693C207-918A-4546-939A-A0C92D27BBA7}.Debug|Any CPU.Build.0 = Debug|Any CPU
		{2693C207-918A-4546-939A-A0C92D27BBA7}.Release|Any CPU.ActiveCfg = Release|Any CPU
		{2693C207-918A-4546-939A-A0C92D27BBA7}.Release|Any CPU.Build.0 = Release|Any CPU
		{3D2DA5F4-A457-45F0-AEB9-852F1C21EC51}.Debug|Any CPU.ActiveCfg = Debug|Any CPU
		{3D2DA5F4-A457-45F0-AEB9-852F1C21EC51}.Debug|Any CPU.Build.0 = Debug|Any CPU
		{3D2DA5F4-A457-45F0-AEB9-852F1C21EC51}.Release|Any CPU.ActiveCfg = Release|Any CPU
		{3D2DA5F4-A457-45F0-AEB9-852F1C21EC51}.Release|Any CPU.Build.0 = Release|Any CPU
		{2AC94CE5-B4AC-46CF-9F4D-F50CEA25D1B4}.Debug|Any CPU.ActiveCfg = Debug|Any CPU
		{2AC94CE5-B4AC-46CF-9F4D-F50CEA25D1B4}.Debug|Any CPU.Build.0 = Debug|Any CPU
		{2AC94CE5-B4AC-46CF-9F4D-F50CEA25D1B4}.Release|Any CPU.ActiveCfg = Release|Any CPU
		{2AC94CE5-B4AC-46CF-9F4D-F50CEA25D1B4}.Release|Any CPU.Build.0 = Release|Any CPU
		{BF3CCFDD-8B94-4FC4-B43E-1F31CD278EF2}.Debug|Any CPU.ActiveCfg = Debug|Any CPU
		{BF3CCFDD-8B94-4FC4-B43E-1F31CD278EF2}.Debug|Any CPU.Build.0 = Debug|Any CPU
		{BF3CCFDD-8B94-4FC4-B43E-1F31CD278EF2}.Release|Any CPU.ActiveCfg = Release|Any CPU
		{BF3CCFDD-8B94-4FC4-B43E-1F31CD278EF2}.Release|Any CPU.Build.0 = Release|Any CPU
		{8D9CB78E-2F52-4338-9AF2-46E21C8BDC8F}.Debug|Any CPU.ActiveCfg = Debug|Any CPU
		{8D9CB78E-2F52-4338-9AF2-46E21C8BDC8F}.Debug|Any CPU.Build.0 = Debug|Any CPU
		{8D9CB78E-2F52-4338-9AF2-46E21C8BDC8F}.Release|Any CPU.ActiveCfg = Release|Any CPU
		{8D9CB78E-2F52-4338-9AF2-46E21C8BDC8F}.Release|Any CPU.Build.0 = Release|Any CPU
		{05A43674-C191-424A-A019-77DBA1B80B76}.Debug|Any CPU.ActiveCfg = Debug|Any CPU
		{05A43674-C191-424A-A019-77DBA1B80B76}.Debug|Any CPU.Build.0 = Debug|Any CPU
		{05A43674-C191-424A-A019-77DBA1B80B76}.Release|Any CPU.ActiveCfg = Release|Any CPU
		{05A43674-C191-424A-A019-77DBA1B80B76}.Release|Any CPU.Build.0 = Release|Any CPU
		{1131151B-544F-4499-A390-BFDDDDFACD71}.Debug|Any CPU.ActiveCfg = Debug|Any CPU
		{1131151B-544F-4499-A390-BFDDDDFACD71}.Debug|Any CPU.Build.0 = Debug|Any CPU
		{1131151B-544F-4499-A390-BFDDDDFACD71}.Release|Any CPU.ActiveCfg = Release|Any CPU
		{1131151B-544F-4499-A390-BFDDDDFACD71}.Release|Any CPU.Build.0 = Release|Any CPU
		{0F9679F9-D849-4040-952B-1F4858682C83}.Debug|Any CPU.ActiveCfg = Debug|Any CPU
		{0F9679F9-D849-4040-952B-1F4858682C83}.Debug|Any CPU.Build.0 = Debug|Any CPU
		{0F9679F9-D849-4040-952B-1F4858682C83}.Release|Any CPU.ActiveCfg = Release|Any CPU
		{0F9679F9-D849-4040-952B-1F4858682C83}.Release|Any CPU.Build.0 = Release|Any CPU
	EndGlobalSection
	GlobalSection(NestedProjects) = preSolution
		{E3533A85-03CA-4D18-B14F-E867B6133096} = {EDC85907-BACE-47D8-B64D-43F12384ABC2}
		{9F09D5A8-A8E6-40B9-AA7D-BCE39AC5B01E} = {E3533A85-03CA-4D18-B14F-E867B6133096}
		{FD81F621-DA59-4408-B81E-AC57B75FA3C6} = {EDC85907-BACE-47D8-B64D-43F12384ABC2}
		{D5310D0C-CD6C-430A-9B08-0C5E178CD5E8} = {FD81F621-DA59-4408-B81E-AC57B75FA3C6}
		{4C6C7F5C-7DDB-42C8-B50E-9D37BCA26FAA} = {EDC85907-BACE-47D8-B64D-43F12384ABC2}
		{479178D5-A1ED-42AC-AE1A-6C6922CCBE7F} = {E3533A85-03CA-4D18-B14F-E867B6133096}
		{0A078D9D-FE20-49FB-828B-94E81370E012} = {E3533A85-03CA-4D18-B14F-E867B6133096}
		{4C4926D1-CFFE-4F7D-9B4A-7EED90335BD0} = {E3533A85-03CA-4D18-B14F-E867B6133096}
		{2693C207-918A-4546-939A-A0C92D27BBA7} = {FD81F621-DA59-4408-B81E-AC57B75FA3C6}
		{3D2DA5F4-A457-45F0-AEB9-852F1C21EC51} = {4C6C7F5C-7DDB-42C8-B50E-9D37BCA26FAA}
		{2AC94CE5-B4AC-46CF-9F4D-F50CEA25D1B4} = {4C6C7F5C-7DDB-42C8-B50E-9D37BCA26FAA}
		{BF3CCFDD-8B94-4FC4-B43E-1F31CD278EF2} = {FD81F621-DA59-4408-B81E-AC57B75FA3C6}
		{8D9CB78E-2F52-4338-9AF2-46E21C8BDC8F} = {FD81F621-DA59-4408-B81E-AC57B75FA3C6}
		{330A60C7-8B56-4E2C-B34F-D7BF0B061098} = {EDC85907-BACE-47D8-B64D-43F12384ABC2}
		{05A43674-C191-424A-A019-77DBA1B80B76} = {330A60C7-8B56-4E2C-B34F-D7BF0B061098}
		{1131151B-544F-4499-A390-BFDDDDFACD71} = {4C6C7F5C-7DDB-42C8-B50E-9D37BCA26FAA}
		{0F9679F9-D849-4040-952B-1F4858682C83} = {4C6C7F5C-7DDB-42C8-B50E-9D37BCA26FAA}
	EndGlobalSection
EndGlobal
